
Microsoft Visual Studio Solution File, Format Version 12.00
# Visual Studio Version 16
VisualStudioVersion = 16.0.29306.81
MinimumVisualStudioVersion = 10.0.40219.1
Project("{FAE04EC0-301F-11D3-BF4B-00C04F79EFBC}") = "App", "App\App.csproj", "{28AF28BE-1D8D-486D-BAD2-AE2EFAF185F7}"
EndProject
Project("{FAE04EC0-301F-11D3-BF4B-00C04F79EFBC}") = "Lib", "Lib\Lib.csproj", "{844A3257-5AD1-45C3-A07E-37DEDC2254D5}"
EndProject
Global
	GlobalSection(SolutionConfigurationPlatforms) = preSolution
		Debug|Any CPU = Debug|Any CPU
		Release|Any CPU = Release|Any CPU
	EndGlobalSection
	GlobalSection(ProjectConfigurationPlatforms) = postSolution
		{28AF28BE-1D8D-486D-BAD2-AE2EFAF185F7}.Debug|Any CPU.ActiveCfg = Debug|Any CPU
		{28AF28BE-1D8D-486D-BAD2-AE2EFAF185F7}.Debug|Any CPU.Build.0 = Debug|Any CPU
		{28AF28BE-1D8D-486D-BAD2-AE2EFAF185F7}.Release|Any CPU.ActiveCfg = Release|Any CPU
		{28AF28BE-1D8D-486D-BAD2-AE2EFAF185F7}.Release|Any CPU.Build.0 = Release|Any CPU
		{844A3257-5AD1-45C3-A07E-37DEDC2254D5}.Debug|Any CPU.ActiveCfg = Debug|Any CPU
		{844A3257-5AD1-45C3-A07E-37DEDC2254D5}.Debug|Any CPU.Build.0 = Debug|Any CPU
		{844A3257-5AD1-45C3-A07E-37DEDC2254D5}.Release|Any CPU.ActiveCfg = Release|Any CPU
		{844A3257-5AD1-45C3-A07E-37DEDC2254D5}.Release|Any CPU.Build.0 = Release|Any CPU
	EndGlobalSection
	GlobalSection(SolutionProperties) = preSolution
		HideSolutionNode = FALSE
	EndGlobalSection
	GlobalSection(ExtensibilityGlobals) = postSolution
		SolutionGuid = {C2F7340C-B2C8-42B9-97BA-1893866BC3C3}
	EndGlobalSection
EndGlobal
